
Microsoft Visual Studio Solution File, Format Version 12.00
# Visual Studio 14
VisualStudioVersion = 14.0.23107.0
MinimumVisualStudioVersion = 10.0.40219.1
Project("{E24C65DC-7377-472B-9ABA-BC803B73C61A}") = "SecurePay", ".", "{4E0137FD-24BC-49D6-ACC7-99E53894D52D}"
	ProjectSection(WebsiteProperties) = preProject
		TargetFrameworkMoniker = ".NETFramework,Version%3Dv4.0"
		Debug.AspNetCompiler.VirtualPath = "/localhost_1150"
		Debug.AspNetCompiler.PhysicalPath = "..\SecurePay\"
		Debug.AspNetCompiler.TargetPath = "PrecompiledWeb\localhost_1150\"
		Debug.AspNetCompiler.Updateable = "true"
		Debug.AspNetCompiler.ForceOverwrite = "true"
		Debug.AspNetCompiler.FixedNames = "false"
		Debug.AspNetCompiler.Debug = "True"
		Release.AspNetCompiler.VirtualPath = "/localhost_1150"
		Release.AspNetCompiler.PhysicalPath = "..\SecurePay\"
		Release.AspNetCompiler.TargetPath = "PrecompiledWeb\localhost_1150\"
		Release.AspNetCompiler.Updateable = "true"
		Release.AspNetCompiler.ForceOverwrite = "true"
		Release.AspNetCompiler.FixedNames = "false"
		Release.AspNetCompiler.Debug = "False"
		VWDPort = "1150"
		SlnRelativePath = "..\SecurePay\"
	EndProjectSection
EndProject
Project("{FAE04EC0-301F-11D3-BF4B-00C04F79EFBC}") = "NUnit", "NUnit\NUnit.csproj", "{D4EE0F75-CD8C-49FE-9C81-A005B8DD70CD}"
EndProject
Global
	GlobalSection(SolutionConfigurationPlatforms) = preSolution
		Debug|Any CPU = Debug|Any CPU
		Release|Any CPU = Release|Any CPU
	EndGlobalSection
	GlobalSection(ProjectConfigurationPlatforms) = postSolution
		{4E0137FD-24BC-49D6-ACC7-99E53894D52D}.Debug|Any CPU.ActiveCfg = Debug|Any CPU
		{4E0137FD-24BC-49D6-ACC7-99E53894D52D}.Debug|Any CPU.Build.0 = Debug|Any CPU
		{4E0137FD-24BC-49D6-ACC7-99E53894D52D}.Release|Any CPU.ActiveCfg = Debug|Any CPU
		{4E0137FD-24BC-49D6-ACC7-99E53894D52D}.Release|Any CPU.Build.0 = Debug|Any CPU
		{D4EE0F75-CD8C-49FE-9C81-A005B8DD70CD}.Debug|Any CPU.ActiveCfg = Debug|Any CPU
		{D4EE0F75-CD8C-49FE-9C81-A005B8DD70CD}.Debug|Any CPU.Build.0 = Debug|Any CPU
		{D4EE0F75-CD8C-49FE-9C81-A005B8DD70CD}.Release|Any CPU.ActiveCfg = Release|Any CPU
		{D4EE0F75-CD8C-49FE-9C81-A005B8DD70CD}.Release|Any CPU.Build.0 = Release|Any CPU
	EndGlobalSection
	GlobalSection(SolutionProperties) = preSolution
		HideSolutionNode = FALSE
	EndGlobalSection
EndGlobal
